github.com/elazarl/goproxy v0.0.0-20210801061803-8e322dfb79c4 h1:lS3P5Nw3oPO05Lk2gFiYUOL3QPaH+fRoI1wFOc4G1UY=
github.com/elazarl/goproxy v0.0.0-20210801061803-8e322dfb79c4/go.mod h1:Ro8st/ElPeALwNFlcTpWmkr6IoMFfkjXAvTHpevnDsM=
github.com/elazarl/goproxy/ext v0.0.0-20190711103511-473e67f1d7d2 h1:dWB6v3RcOy03t/bUadywsbyrQwCqZeNIEX6M1OtSZOM=
github.com/elazarl/goproxy/ext v0.0.0-20190711103511-473e67f1d7d2/go.mod h1:gNh8nYJoAm43RfaxurUnxr+N1PwuFV3ZMl/efxlIlY8=
github.com/fatih/color v1.12.0/go.mod h1:ELkj/draVOlAH/xkhN6mQ50Qd0MPOk5AAr3maGEBuJM=
github.com/gorilla/websocket v1.5.0 h1:PPwGk2jz7EePpoHN/+ClbZu8SPxiqlu12wZP/3sWmnc=
github.com/gorilla/websocket v1.5.0/go.mod h1:YR8l580nyteQvAITg2hZ9XVh4b55+EU/adAjf1fMHhE=
github.com/mattn/go-colorable v0.1.8/go.mod h1:u6P/XSegPjTcexA+o6vUJrdnUu04hMope9wVRipJSqc=
github.com/mattn/go-isatty v0.0.12/go.mod h1:cbi8OIDigv2wuxKPP5vlRcQ1OAZbq2CE4Kysco4FUpU=
github.com/otiai10/copy v1.6.0/go.mod h1:XWfuS3CrI0R6IE0FbgHsEazaXO8G0LpMp9o8tos0x4E=
github.com/otiai10/curr v0.0.0-20150429015615-9b4961190c95/go.mod h1:9qAhocn7zKJG+0mI8eUu6xqkFDYS2kb2saOteoSB3cE=
github.com/otiai10/curr v1.0.0/go.mod h1:LskTG5wDwr8Rs+nNQ+1LlxRjAtTZZjtJW4rMXl6j4vs=
github.com/otiai10/mint v1.3.0/go.mod h1:F5AjcsTsWUqX+Na9fpHb52P8pcRX2CI6A3ctIT91xUo=
github.com/otiai10/mint v1.3.2/go.mod h1:/yxELlJQ0ufhjUwhshSj+wFjZ78CnZ48/1wtmBH1OTc=
github.com/rogpeppe/go-charset v0.0.0-20180617210344-2471d30d28b4/go.mod h1:qgYeAmZ5ZIpBWTGllZSQnw97Dj+woV0toclVaRGI8pc=
github.com/shoriwe/gplasma v0.0.0-20211103070337-347bfcd57a67 h1:T2K23Kb62Q6LXxH3s/3ymfvXkKJjORpRxaaEooKW1Ok=
github.com/shoriwe/gplasma v0.0.0-20211103070337-347bfcd57a67/go.mod h1:4Wd1xurUfcdcoJVhu++BCj4N8bfCp1hwlR+TEmqz6TA=
github.com/shoriwe/gplasma v0.0.0-20220517214355-8a4aa6af9004 h1:k07yeLPKhs7zLueZJLfLwPlVkiDchxAg5Y/SDErXJM8=
github.com/shoriwe/gplasma v0.0.0-20220517214355-8a4aa6af9004/go.mod h1:4Wd1xurUfcdcoJVhu++BCj4N8bfCp1hwlR+TEmqz6TA=
golang.org/x/crypto v0.0.0-20210817164053-32db794688a5 h1:HWj/xjIHfjYU5nVXpTM0s39J9CbLn7Cc5a7IC5rwsMQ=
golang.org/x/crypto v0.0.0-20210817164053-32db794688a5/go.mod h1:GvvjBRRGRdwPK5ydBHafDWAxML/pGHZbMvKqRZ5+Abc=
golang.org/x/net v0.0.0-20210226172049-e18ecbb05110/go.mod h1:m0MpNAwzfU5UDzcl9v0D8zg8gWTRqZa9RBIspLL5mdg=
golang.org/x/net v0.0.0-20210908191846-a5e095526f91 h1:E8wdt+zBjoxD3MA65wEc3pl25BsTi7tbkpwc4ANThjc=
golang.org/x/net v0.0.0-20210908191846-a5e095526f91/go.mod h1:9nx3DQGgdP8bBQD5qxJ1jj9UTztislL4KSBs9R2vV5Y=
golang.org/x/sys v0.0.0-20200116001909-b77594299b42/go.mod h1:h1NjWce9XRLGQEsW7wpKNCjG9DtNlClVuFLEZdDNbEs=
golang.org/x/sys v0.0.0-20200223170610-d5e6a3e2c0ae/go.mod h1:h1NjWce9XRLGQEsW7wpKNCjG9DtNlClVuFLEZdDNbEs=
golang.org/x/sys v0.0.0-20201119102817-f84b799fce68/go.mod h1:h1NjWce9XRLGQEsW7wpKNCjG9DtNlClVuFLEZdDNbEs=
golang.org/x/sys v0.0.0-20210423082822-04245dca01da/go.mod h1:h1NjWce9XRLGQEsW7wpKNCjG9DtNlClVuFLEZdDNbEs=
golang.org/x/sys v0.0.0-20210615035016-665e8c7367d1 h1:SrN+KX8Art/Sf4HNj6Zcz06G7VEz+7w9tdXTPOZ7+l4=
golang.org/x/sys v0.0.0-20210615035016-665e8c7367d1/go.mod h1:oPkhp1MJrh7nUepCBck5+mAzfO9JrbApNNgaTdGDITg=
golang.org/x/term v0.0.0-20201126162022-7de9c90e9dd1/go.mod h1:bj7SfCRtBDWHUb9snDiAeCFNEtKQo2Wmx5Cou7ajbmo=
golang.org/x/text v0.3.3/go.mod h1:5Zoc/QRtKVWzQhOtBMvqHzDpF6irO9z98xDceosuGiQ=
golang.org/x/text v0.3.6/go.mod h1:5Zoc/QRtKVWzQhOtBMvqHzDpF6irO9z98xDceosuGiQ=
golang.org/x/tools v0.0.0-20180917221912-90fa682c2a6e/go.mod h1:n7NCudcB/nEzxVGmLbDWY5pfWTLqBcC2KZ6jyYvM4mQ=
gopkg.in/check.v1 v0.0.0-20161208181325-20d25e280405/go.mod h1:Co6ibVJAznAaIkqp8huTwlJQCZ016jof/cbN4VW5Yz0=
gopkg.in/elazarl/goproxy.v1 v1.0.0-20180725130230-947c36da3153 h1:i2sumy6EgvN2dbX7HPhoDc7hLyoym3OYdU5HlvUUrpE=
gopkg.in/elazarl/goproxy.v1 v1.0.0-20180725130230-947c36da3153/go.mod h1:xzjpkyedLMz3EXUTBbkRuuGPsxfsBX3Sy7J6kC9Gvoc=
gopkg.in/yaml.v3 v3.0.0-20220512140231-539c8e751b99 h1:dbuHpmKjkDzSOMKAWl10QNlgaZUd3V1q99xc81tt2Kc=
gopkg.in/yaml.v3 v3.0.0-20220512140231-539c8e751b99/go.mod h1:K4uyk7z7BCEPqu6E+C64Yfv1cQ7kz7rIZviUmN+EgEM=
